{
  "originHash" : "063bfe5d0587762120b73de4efbbca2b257763453541e0696dcf3ba422b78cb0",
  "pins" : [
    {
      "identity" : "aptabase-swift",
      "kind" : "remoteSourceControl",
      "location" : "https://github.com/aptabase/aptabase-swift",
      "state" : {
        "revision" : "cfd67fac2a228d448d9d2ac92ffc71589cc3ef00",
        "version" : "0.3.11"
      }
    },
    {
      "identity" : "fluidaudio",
      "kind" : "remoteSourceControl",
      "location" : "https://github.com/FluidInference/FluidAudio",
      "state" : {
        "revision" : "19600a485baa4998812e4654b70d2bab8f2c9949",
        "version" : "0.15.5"
      }
    },
    {
      "identity" : "keyboardshortcuts",
      "kind" : "remoteSourceControl",
      "location" : "https://github.com/sindresorhus/KeyboardShortcuts",
      "state" : {
        "revision" : "1aef85578fdd4f9eaeeb8d53b7b4fc31bf08fe27",
        "version" : "2.4.0"
      }
    },
    {
      "identity" : "onnxruntime-swift-package-manager",
      "kind" : "remoteSourceControl",
      "location" : "https://github.com/microsoft/onnxruntime-swift-package-manager",
      "state" : {
        "revision" : "b7fb7f7dea8a2469e6335d95a61b8f36d0dc83b2",
        "version" : "1.24.2"
      }
    },
    {
      "identity" : "sentry-cocoa",
      "kind" : "remoteSourceControl",
      "location" : "https://github.com/getsentry/sentry-cocoa",
      "state" : {
        "revision" : "dad229c665bfd043c5d80ac7aa77717cbd19a1c3",
        "version" : "8.58.3"
      }
    },
    {
      "identity" : "sparkle",
      "kind" : "remoteSourceControl",
      "location" : "https://github.com/sparkle-project/Sparkle",
      "state" : {
        "revision" : "d46d456107feacc80711b21847b82b07bd9fb46e",
        "version" : "2.9.3"
      }
    }
  ],
  "version" : 3
}
